
Microsoft Visual Studio Solution File, Format Version 12.00
# Visual Studio Version 17
VisualStudioVersion = 17.0.31903.59
MinimumVisualStudioVersion = 10.0.40219.1
Project("{FAE04EC0-301F-11D3-BF4B-00C04F79EFBC}") = "TDD.Domain", "src\TDD.Domain\TDD.Domain.csproj", "{006354DC-D563-4560-B809-171C3F5C7CC8}"
EndProject
Project("{FAE04EC0-301F-11D3-BF4B-00C04F79EFBC}") = "TDD.NUnit", "tests\TDD.NUnit\TDD.NUnit.csproj", "{4FDF41AA-E4DC-47D7-9741-45E309EFB516}"
EndProject
Global
	GlobalSection(SolutionConfigurationPlatforms) = preSolution
		Debug|Any CPU = Debug|Any CPU
		Release|Any CPU = Release|Any CPU
	EndGlobalSection
	GlobalSection(SolutionProperties) = preSolution
		HideSolutionNode = FALSE
	EndGlobalSection
	GlobalSection(ProjectConfigurationPlatforms) = postSolution
		{006354DC-D563-4560-B809-171C3F5C7CC8}.Debug|Any CPU.ActiveCfg = Debug|Any CPU
		{006354DC-D563-4560-B809-171C3F5C7CC8}.Debug|Any CPU.Build.0 = Debug|Any CPU
		{006354DC-D563-4560-B809-171C3F5C7CC8}.Release|Any CPU.ActiveCfg = Release|Any CPU
		{006354DC-D563-4560-B809-171C3F5C7CC8}.Release|Any CPU.Build.0 = Release|Any CPU
		{4FDF41AA-E4DC-47D7-9741-45E309EFB516}.Debug|Any CPU.ActiveCfg = Debug|Any CPU
		{4FDF41AA-E4DC-47D7-9741-45E309EFB516}.Debug|Any CPU.Build.0 = Debug|Any CPU
		{4FDF41AA-E4DC-47D7-9741-45E309EFB516}.Release|Any CPU.ActiveCfg = Release|Any CPU
		{4FDF41AA-E4DC-47D7-9741-45E309EFB516}.Release|Any CPU.Build.0 = Release|Any CPU
	EndGlobalSection
EndGlobal
